
Microsoft Visual Studio Solution File, Format Version 12.00
# Visual Studio Version 16
VisualStudioVersion = 25.0.1703.6
MinimumVisualStudioVersion = 10.0.40219.1
Project("{FAE04EC0-301F-11D3-BF4B-00C04F79EFBC}") = "OrderWeb", "OrderWeb\OrderWeb.csproj", "{6F40B9FD-E7B7-4DF0-9343-329985376FE2}"
EndProject
Global
	GlobalSection(SolutionConfigurationPlatforms) = preSolution
		Debug|Any CPU = Debug|Any CPU
		Release|Any CPU = Release|Any CPU
	EndGlobalSection
	GlobalSection(ProjectConfigurationPlatforms) = postSolution
		{6F40B9FD-E7B7-4DF0-9343-329985376FE2}.Debug|Any CPU.ActiveCfg = Debug|Any CPU
		{6F40B9FD-E7B7-4DF0-9343-329985376FE2}.Debug|Any CPU.Build.0 = Debug|Any CPU
		{6F40B9FD-E7B7-4DF0-9343-329985376FE2}.Release|Any CPU.ActiveCfg = Release|Any CPU
		{6F40B9FD-E7B7-4DF0-9343-329985376FE2}.Release|Any CPU.Build.0 = Release|Any CPU
	EndGlobalSection
	GlobalSection(SolutionProperties) = preSolution
		HideSolutionNode = FALSE
	EndGlobalSection
	GlobalSection(ExtensibilityGlobals) = postSolution
		SolutionGuid = {436B0DD3-0A08-4344-B903-21C5EF41A6E8}
	EndGlobalSection
EndGlobal
