
Microsoft Visual Studio Solution File, Format Version 12.00
# Visual Studio Version 16
VisualStudioVersion = 25.0.1703.6
MinimumVisualStudioVersion = 10.0.40219.1
Project("{FAE04EC0-301F-11D3-BF4B-00C04F79EFBC}") = "OrderApi", "OrderApi\OrderApi.csproj", "{54268FC9-DB2D-4B92-81BB-669FE0403E19}"
EndProject
Project("{E53339B2-1760-4266-BCC7-CA923CBCF16C}") = "docker-compose", "docker-compose.dcproj", "{FD8FF770-0321-4469-B61D-2F51DA60727A}"
EndProject
Project("{FAE04EC0-301F-11D3-BF4B-00C04F79EFBC}") = "Domain", "Domain\Domain.csproj", "{B4C3F799-DEE1-47C0-80AF-EB4BD81DEFFF}"
EndProject
Project("{FAE04EC0-301F-11D3-BF4B-00C04F79EFBC}") = "OrderActor", "OrderActor\OrderActor.csproj", "{82237225-1DAB-41B2-A045-5EC1DCF05520}"
EndProject
Global
	GlobalSection(SolutionConfigurationPlatforms) = preSolution
		Debug|Any CPU = Debug|Any CPU
		Release|Any CPU = Release|Any CPU
	EndGlobalSection
	GlobalSection(ProjectConfigurationPlatforms) = postSolution
		{54268FC9-DB2D-4B92-81BB-669FE0403E19}.Debug|Any CPU.ActiveCfg = Debug|Any CPU
		{54268FC9-DB2D-4B92-81BB-669FE0403E19}.Debug|Any CPU.Build.0 = Debug|Any CPU
		{54268FC9-DB2D-4B92-81BB-669FE0403E19}.Release|Any CPU.ActiveCfg = Release|Any CPU
		{54268FC9-DB2D-4B92-81BB-669FE0403E19}.Release|Any CPU.Build.0 = Release|Any CPU
		{FD8FF770-0321-4469-B61D-2F51DA60727A}.Debug|Any CPU.ActiveCfg = Debug|Any CPU
		{FD8FF770-0321-4469-B61D-2F51DA60727A}.Debug|Any CPU.Build.0 = Debug|Any CPU
		{FD8FF770-0321-4469-B61D-2F51DA60727A}.Release|Any CPU.ActiveCfg = Release|Any CPU
		{FD8FF770-0321-4469-B61D-2F51DA60727A}.Release|Any CPU.Build.0 = Release|Any CPU
		{B4C3F799-DEE1-47C0-80AF-EB4BD81DEFFF}.Debug|Any CPU.ActiveCfg = Debug|Any CPU
		{B4C3F799-DEE1-47C0-80AF-EB4BD81DEFFF}.Debug|Any CPU.Build.0 = Debug|Any CPU
		{B4C3F799-DEE1-47C0-80AF-EB4BD81DEFFF}.Release|Any CPU.ActiveCfg = Release|Any CPU
		{B4C3F799-DEE1-47C0-80AF-EB4BD81DEFFF}.Release|Any CPU.Build.0 = Release|Any CPU
		{82237225-1DAB-41B2-A045-5EC1DCF05520}.Debug|Any CPU.ActiveCfg = Debug|Any CPU
		{82237225-1DAB-41B2-A045-5EC1DCF05520}.Debug|Any CPU.Build.0 = Debug|Any CPU
		{82237225-1DAB-41B2-A045-5EC1DCF05520}.Release|Any CPU.ActiveCfg = Release|Any CPU
		{82237225-1DAB-41B2-A045-5EC1DCF05520}.Release|Any CPU.Build.0 = Release|Any CPU
	EndGlobalSection
	GlobalSection(SolutionProperties) = preSolution
		HideSolutionNode = FALSE
	EndGlobalSection
	GlobalSection(ExtensibilityGlobals) = postSolution
		SolutionGuid = {B5BADF90-2D7D-4CEE-9CD2-F3C34BACC8E0}
	EndGlobalSection
EndGlobal
